{
  "version": 4,
  "terraform_version": "1.13.5",
  "serial": 19,
  "lineage": "2b0c02cd-9dc1-71c8-f62d-25dd4582e7cf",
  "outputs": {
    "repo_ids": {
      "value": {
        "TestRepository": 1103672703
      },
      "type": [
        "object",
        {
          "TestRepository": "number"
        }
      ]
    }
  },
  "resources": [
    {
      "mode": "data",
      "type": "github_repository",
      "name": "actions_enabled",
      "provider": "provider[\"registry.terraform.io/integrations/github\"]",
      "instances": [
        {
          "index_key": "TestRepository",
          "schema_version": 0,
          "attributes": {
            "allow_auto_merge": false,
            "allow_merge_commit": true,
            "allow_rebase_merge": true,
            "allow_squash_merge": true,
            "archived": false,
            "default_branch": "main",
            "description": "",
            "fork": false,
            "full_name": "rsi-pf-eng-sandbox/TestRepository",
            "git_clone_url": "git://github.com/rsi-pf-eng-sandbox/TestRepository.git",
            "has_discussions": false,
            "has_downloads": true,
            "has_issues": true,
            "has_projects": true,
            "has_wiki": true,
            "homepage_url": "",
            "html_url": "https://github.com/rsi-pf-eng-sandbox/TestRepository",
            "http_clone_url": "https://github.com/rsi-pf-eng-sandbox/TestRepository.git",
            "id": "TestRepository",
            "is_template": false,
            "merge_commit_message": "PR_TITLE",
            "merge_commit_title": "MERGE_MESSAGE",
            "name": "TestRepository",
            "node_id": "R_kgDOQci1fw",
            "pages": [],
            "primary_language": "Shell",
            "private": false,
            "repo_id": 1103672703,
            "repository_license": [],
            "squash_merge_commit_message": "COMMIT_MESSAGES",
            "squash_merge_commit_title": "COMMIT_OR_PR_TITLE",
            "ssh_clone_url": "git@github.com:rsi-pf-eng-sandbox/TestRepository.git",
            "svn_url": "https://github.com/rsi-pf-eng-sandbox/TestRepository",
            "template": [],
            "topics": [],
            "visibility": "public"
          },
          "sensitive_attributes": [],
          "identity_schema_version": 0
        }
      ]
    },
    {
      "mode": "managed",
      "type": "github_actions_organization_permissions",
      "name": "org_actions",
      "provider": "provider[\"registry.terraform.io/integrations/github\"]",
      "instances": [
        {
          "schema_version": 0,
          "attributes": {
            "allowed_actions": "selected",
            "allowed_actions_config": [
              {
                "github_owned_allowed": true,
                "patterns_allowed": [],
                "verified_allowed": true
              }
            ],
            "enabled_repositories": "selected",
            "enabled_repositories_config": [
              {
                "repository_ids": [
                  1103672703
                ]
              }
            ],
            "id": "rsi-pf-eng-sandbox"
          },
          "sensitive_attributes": [],
          "identity_schema_version": 0,
          "private": "bnVsbA==",
          "dependencies": [
            "data.github_repository.actions_enabled"
          ]
        }
      ]
    },
    {
      "mode": "managed",
      "type": "github_membership",
      "name": "members",
      "provider": "provider[\"registry.terraform.io/integrations/github\"]",
      "instances": [
        {
          "index_key": "AdachiShunta",
          "schema_version": 0,
          "attributes": {
            "downgrade_on_destroy": false,
            "etag": "W/\"a5dc7003585ca64d911cfa67488a78824d54393c78a87aa324b90ac3d0ed29fd\"",
            "id": "rsi-pf-eng-sandbox:AdachiShunta",
            "role": "member",
            "username": "AdachiShunta"
          },
          "sensitive_attributes": [],
          "identity_schema_version": 0,
          "private": "bnVsbA=="
        },
        {
          "index_key": "SHIRO-KAG",
          "schema_version": 0,
          "attributes": {
            "downgrade_on_destroy": false,
            "etag": "W/\"dfcccf3fdb8e972135a6661c00ecc8c38200b0589598de4850a115a8998606e7\"",
            "id": "rsi-pf-eng-sandbox:SHIRO-KAG",
            "role": "admin",
            "username": "SHIRO-KAG"
          },
          "sensitive_attributes": [],
          "identity_schema_version": 0,
          "private": "bnVsbA=="
        },
        {
          "index_key": "sonedasaurus",
          "schema_version": 0,
          "attributes": {
            "downgrade_on_destroy": false,
            "etag": "W/\"1a15d089126a7037cb639e6fbdd7efe08a55518b1ef76f4de672192fcddc0544\"",
            "id": "rsi-pf-eng-sandbox:sonedasaurus",
            "role": "admin",
            "username": "sonedasaurus"
          },
          "sensitive_attributes": [],
          "identity_schema_version": 0,
          "private": "bnVsbA=="
        },
        {
          "index_key": "wakamatsuwakamatsu",
          "schema_version": 0,
          "attributes": {
            "downgrade_on_destroy": false,
            "etag": "W/\"618df6f975821817789f8454119d77f456314dd1a98cde0098d89a330d37256c\"",
            "id": "rsi-pf-eng-sandbox:wakamatsuwakamatsu",
            "role": "member",
            "username": "wakamatsuwakamatsu"
          },
          "sensitive_attributes": [],
          "identity_schema_version": 0,
          "private": "bnVsbA=="
        }
      ]
    },
    {
      "mode": "managed",
      "type": "github_repository",
      "name": "repos",
      "provider": "provider[\"registry.terraform.io/integrations/github\"]",
      "instances": [
        {
          "index_key": "TestRepository",
          "schema_version": 1,
          "attributes": {
            "allow_auto_merge": false,
            "allow_merge_commit": true,
            "allow_rebase_merge": true,
            "allow_squash_merge": true,
            "allow_update_branch": false,
            "archive_on_destroy": null,
            "archived": false,
            "auto_init": false,
            "default_branch": "main",
            "delete_branch_on_merge": false,
            "description": "",
            "etag": "W/\"570540ca63245d07ff64e35092d9e20147bb0ae5e8dce9a3e749cf5f87f4de65\"",
            "full_name": "rsi-pf-eng-sandbox/TestRepository",
            "git_clone_url": "git://github.com/rsi-pf-eng-sandbox/TestRepository.git",
            "gitignore_template": null,
            "has_discussions": false,
            "has_downloads": true,
            "has_issues": true,
            "has_projects": true,
            "has_wiki": true,
            "homepage_url": "",
            "html_url": "https://github.com/rsi-pf-eng-sandbox/TestRepository",
            "http_clone_url": "https://github.com/rsi-pf-eng-sandbox/TestRepository.git",
            "id": "TestRepository",
            "ignore_vulnerability_alerts_during_read": null,
            "is_template": false,
            "license_template": null,
            "merge_commit_message": "PR_TITLE",
            "merge_commit_title": "MERGE_MESSAGE",
            "name": "TestRepository",
            "node_id": "R_kgDOQci1fw",
            "pages": [],
            "primary_language": "Shell",
            "private": false,
            "repo_id": 1103672703,
            "security_and_analysis": [
              {
                "advanced_security": [],
                "secret_scanning": [
                  {
                    "status": "disabled"
                  }
                ],
                "secret_scanning_push_protection": [
                  {
                    "status": "disabled"
                  }
                ]
              }
            ],
            "squash_merge_commit_message": "COMMIT_MESSAGES",
            "squash_merge_commit_title": "COMMIT_OR_PR_TITLE",
            "ssh_clone_url": "git@github.com:rsi-pf-eng-sandbox/TestRepository.git",
            "svn_url": "https://github.com/rsi-pf-eng-sandbox/TestRepository",
            "template": [],
            "topics": [],
            "visibility": "public",
            "vulnerability_alerts": true,
            "web_commit_signoff_required": false
          },
          "sensitive_attributes": [],
          "identity_schema_version": 0,
          "private": "eyJzY2hlbWFfdmVyc2lvbiI6IjEifQ=="
        },
        {
          "index_key": "terraform-github-org",
          "schema_version": 1,
          "attributes": {
            "allow_auto_merge": false,
            "allow_merge_commit": true,
            "allow_rebase_merge": true,
            "allow_squash_merge": true,
            "allow_update_branch": false,
            "archive_on_destroy": null,
            "archived": false,
            "auto_init": false,
            "default_branch": "main",
            "delete_branch_on_merge": false,
            "description": "",
            "etag": "W/\"5ac06c080af9781d545a0fb8bc5dd992438e254b21abfa119eb353c344ea92c4\"",
            "full_name": "rsi-pf-eng-sandbox/terraform-github-org",
            "git_clone_url": "git://github.com/rsi-pf-eng-sandbox/terraform-github-org.git",
            "gitignore_template": null,
            "has_discussions": false,
            "has_downloads": true,
            "has_issues": true,
            "has_projects": true,
            "has_wiki": true,
            "homepage_url": "",
            "html_url": "https://github.com/rsi-pf-eng-sandbox/terraform-github-org",
            "http_clone_url": "https://github.com/rsi-pf-eng-sandbox/terraform-github-org.git",
            "id": "terraform-github-org",
            "ignore_vulnerability_alerts_during_read": null,
            "is_template": false,
            "license_template": null,
            "merge_commit_message": "PR_TITLE",
            "merge_commit_title": "MERGE_MESSAGE",
            "name": "terraform-github-org",
            "node_id": "R_kgDOQnLktQ",
            "pages": [],
            "primary_language": "Shell",
            "private": false,
            "repo_id": 1114825909,
            "security_and_analysis": [
              {
                "advanced_security": [],
                "secret_scanning": [
                  {
                    "status": "disabled"
                  }
                ],
                "secret_scanning_push_protection": [
                  {
                    "status": "disabled"
                  }
                ]
              }
            ],
            "squash_merge_commit_message": "COMMIT_MESSAGES",
            "squash_merge_commit_title": "COMMIT_OR_PR_TITLE",
            "ssh_clone_url": "git@github.com:rsi-pf-eng-sandbox/terraform-github-org.git",
            "svn_url": "https://github.com/rsi-pf-eng-sandbox/terraform-github-org",
            "template": [],
            "topics": [],
            "visibility": "public",
            "vulnerability_alerts": true,
            "web_commit_signoff_required": false
          },
          "sensitive_attributes": [],
          "identity_schema_version": 0,
          "private": "eyJzY2hlbWFfdmVyc2lvbiI6IjEifQ=="
        }
      ]
    },
    {
      "mode": "managed",
      "type": "github_team",
      "name": "teams",
      "provider": "provider[\"registry.terraform.io/integrations/github\"]",
      "instances": []
    },
    {
      "mode": "managed",
      "type": "github_team_membership",
      "name": "team_maintainers",
      "provider": "provider[\"registry.terraform.io/integrations/github\"]",
      "instances": []
    },
    {
      "mode": "managed",
      "type": "github_team_membership",
      "name": "team_members",
      "provider": "provider[\"registry.terraform.io/integrations/github\"]",
      "instances": []
    }
  ],
  "check_results": null
}
