{
  "version": 4,
  "terraform_version": "1.12.2",
  "serial": 25,
  "lineage": "2b0c02cd-9dc1-71c8-f62d-25dd4582e7cf",
  "outputs": {
    "repo_ids": {
      "value": {
        "terraform-github-org": 1114825909
      },
      "type": [
        "object",
        {
          "terraform-github-org": "number"
        }
      ]
    }
  },
  "resources": [
    {
      "mode": "data",
      "type": "github_repository",
      "name": "actions_enabled",
      "provider": "provider[\"registry.terraform.io/integrations/github\"]",
      "instances": [
        {
          "index_key": "terraform-github-org",
          "schema_version": 0,
          "attributes": {
            "allow_auto_merge": false,
            "allow_merge_commit": true,
            "allow_rebase_merge": true,
            "allow_squash_merge": true,
            "archived": false,
            "default_branch": "main",
            "description": "Terraformの検証に使用します。",
            "fork": false,
            "full_name": "rsi-pf-eng-sandbox/terraform-github-org",
            "git_clone_url": "git://github.com/rsi-pf-eng-sandbox/terraform-github-org.git",
            "has_discussions": false,
            "has_downloads": false,
            "has_issues": true,
            "has_projects": true,
            "has_wiki": true,
            "homepage_url": "",
            "html_url": "https://github.com/rsi-pf-eng-sandbox/terraform-github-org",
            "http_clone_url": "https://github.com/rsi-pf-eng-sandbox/terraform-github-org.git",
            "id": "terraform-github-org",
            "is_template": false,
            "merge_commit_message": "PR_TITLE",
            "merge_commit_title": "MERGE_MESSAGE",
            "name": "terraform-github-org",
            "node_id": "R_kgDOQnLktQ",
            "pages": [],
            "primary_language": "Shell",
            "private": false,
            "repo_id": 1114825909,
            "repository_license": [],
            "squash_merge_commit_message": "COMMIT_MESSAGES",
            "squash_merge_commit_title": "COMMIT_OR_PR_TITLE",
            "ssh_clone_url": "git@github.com:rsi-pf-eng-sandbox/terraform-github-org.git",
            "svn_url": "https://github.com/rsi-pf-eng-sandbox/terraform-github-org",
            "template": [],
            "topics": [
              "github-app",
              "terraform"
            ],
            "visibility": "public"
          },
          "sensitive_attributes": [],
          "identity_schema_version": 0
        }
      ]
    },
    {
      "mode": "managed",
      "type": "github_actions_organization_permissions",
      "name": "org_actions",
      "provider": "provider[\"registry.terraform.io/integrations/github\"]",
      "instances": [
        {
          "schema_version": 0,
          "attributes": {
            "allowed_actions": "selected",
            "allowed_actions_config": [
              {
                "github_owned_allowed": true,
                "patterns_allowed": [],
                "verified_allowed": true
              }
            ],
            "enabled_repositories": "selected",
            "enabled_repositories_config": [
              {
                "repository_ids": [
                  1114825909
                ]
              }
            ],
            "id": "rsi-pf-eng-sandbox"
          },
          "sensitive_attributes": [],
          "identity_schema_version": 0,
          "private": "bnVsbA==",
          "dependencies": [
            "data.github_repository.actions_enabled"
          ]
        }
      ]
    },
    {
      "mode": "managed",
      "type": "github_membership",
      "name": "members",
      "provider": "provider[\"registry.terraform.io/integrations/github\"]",
      "instances": [
        {
          "index_key": "AdachiShunta",
          "schema_version": 0,
          "attributes": {
            "downgrade_on_destroy": false,
            "etag": "W/\"523255357b95e934136ccd0b66e8afda0c48a597b648c3eaa99fd0d182973ed2\"",
            "id": "rsi-pf-eng-sandbox:AdachiShunta",
            "role": "member",
            "username": "AdachiShunta"
          },
          "sensitive_attributes": [],
          "identity_schema_version": 0,
          "private": "bnVsbA=="
        },
        {
          "index_key": "SHIRO-KAG",
          "schema_version": 0,
          "attributes": {
            "downgrade_on_destroy": false,
            "etag": "W/\"a9c3b9fa376ce33b64f8f898e2cbc46570c5493e30b8ff1afcc5eb728301519e\"",
            "id": "rsi-pf-eng-sandbox:SHIRO-KAG",
            "role": "admin",
            "username": "SHIRO-KAG"
          },
          "sensitive_attributes": [],
          "identity_schema_version": 0,
          "private": "bnVsbA=="
        },
        {
          "index_key": "sonedasaurus",
          "schema_version": 0,
          "attributes": {
            "downgrade_on_destroy": false,
            "etag": "W/\"af589ae63a674d2695608af65e1036ce59cd2b0b6b1d3f65962a5008bac7c93d\"",
            "id": "rsi-pf-eng-sandbox:sonedasaurus",
            "role": "admin",
            "username": "sonedasaurus"
          },
          "sensitive_attributes": [],
          "identity_schema_version": 0,
          "private": "bnVsbA=="
        },
        {
          "index_key": "wakamatsuwakamatsu",
          "schema_version": 0,
          "attributes": {
            "downgrade_on_destroy": false,
            "etag": "W/\"c29937ff6e96d12305dcab75b0bd28e1daffce188922b4e96ec54d3b179ee1e5\"",
            "id": "rsi-pf-eng-sandbox:wakamatsuwakamatsu",
            "role": "member",
            "username": "wakamatsuwakamatsu"
          },
          "sensitive_attributes": [],
          "identity_schema_version": 0,
          "private": "bnVsbA=="
        }
      ]
    },
    {
      "mode": "managed",
      "type": "github_repository",
      "name": "repos",
      "provider": "provider[\"registry.terraform.io/integrations/github\"]",
      "instances": [
        {
          "index_key": "TestRepository",
          "schema_version": 1,
          "attributes": {
            "allow_auto_merge": false,
            "allow_merge_commit": true,
            "allow_rebase_merge": true,
            "allow_squash_merge": true,
            "allow_update_branch": false,
            "archive_on_destroy": null,
            "archived": false,
            "auto_init": true,
            "default_branch": "main",
            "delete_branch_on_merge": false,
            "description": "Terraformの検証に使用します。",
            "etag": "W/\"9b8213641a9a18a3c05d0a64e7aab8b5fcd06db61a1566a41034b881795d3f77\"",
            "full_name": "rsi-pf-eng-sandbox/TestRepository",
            "git_clone_url": "git://github.com/rsi-pf-eng-sandbox/TestRepository.git",
            "gitignore_template": null,
            "has_discussions": false,
            "has_downloads": false,
            "has_issues": true,
            "has_projects": true,
            "has_wiki": true,
            "homepage_url": "",
            "html_url": "https://github.com/rsi-pf-eng-sandbox/TestRepository",
            "http_clone_url": "https://github.com/rsi-pf-eng-sandbox/TestRepository.git",
            "id": "TestRepository",
            "ignore_vulnerability_alerts_during_read": null,
            "is_template": false,
            "license_template": null,
            "merge_commit_message": "PR_TITLE",
            "merge_commit_title": "MERGE_MESSAGE",
            "name": "TestRepository",
            "node_id": "R_kgDOQci1fw",
            "pages": [],
            "primary_language": "Shell",
            "private": false,
            "repo_id": 1103672703,
            "security_and_analysis": [
              {
                "advanced_security": [],
                "secret_scanning": [
                  {
                    "status": "disabled"
                  }
                ],
                "secret_scanning_push_protection": [
                  {
                    "status": "disabled"
                  }
                ]
              }
            ],
            "squash_merge_commit_message": "COMMIT_MESSAGES",
            "squash_merge_commit_title": "COMMIT_OR_PR_TITLE",
            "ssh_clone_url": "git@github.com:rsi-pf-eng-sandbox/TestRepository.git",
            "svn_url": "https://github.com/rsi-pf-eng-sandbox/TestRepository",
            "template": [],
            "topics": [
              "github-app",
              "terraform"
            ],
            "visibility": "public",
            "vulnerability_alerts": false,
            "web_commit_signoff_required": false
          },
          "sensitive_attributes": [],
          "identity_schema_version": 0,
          "private": "eyJzY2hlbWFfdmVyc2lvbiI6IjEifQ=="
        },
        {
          "index_key": "terraform-github-org",
          "schema_version": 1,
          "attributes": {
            "allow_auto_merge": false,
            "allow_merge_commit": true,
            "allow_rebase_merge": true,
            "allow_squash_merge": true,
            "allow_update_branch": false,
            "archive_on_destroy": null,
            "archived": false,
            "auto_init": false,
            "default_branch": "main",
            "delete_branch_on_merge": false,
            "description": "Terraformの検証に使用します。",
            "etag": "W/\"a08b851e36e3c0f1dbf4f7eb4e721d116bf3ba933e4c0483780ec61e217277b4\"",
            "full_name": "rsi-pf-eng-sandbox/terraform-github-org",
            "git_clone_url": "git://github.com/rsi-pf-eng-sandbox/terraform-github-org.git",
            "gitignore_template": null,
            "has_discussions": false,
            "has_downloads": false,
            "has_issues": true,
            "has_projects": true,
            "has_wiki": true,
            "homepage_url": "",
            "html_url": "https://github.com/rsi-pf-eng-sandbox/terraform-github-org",
            "http_clone_url": "https://github.com/rsi-pf-eng-sandbox/terraform-github-org.git",
            "id": "terraform-github-org",
            "ignore_vulnerability_alerts_during_read": null,
            "is_template": false,
            "license_template": null,
            "merge_commit_message": "PR_TITLE",
            "merge_commit_title": "MERGE_MESSAGE",
            "name": "terraform-github-org",
            "node_id": "R_kgDOQnLktQ",
            "pages": [],
            "primary_language": "Shell",
            "private": false,
            "repo_id": 1114825909,
            "security_and_analysis": [
              {
                "advanced_security": [],
                "secret_scanning": [
                  {
                    "status": "disabled"
                  }
                ],
                "secret_scanning_push_protection": [
                  {
                    "status": "disabled"
                  }
                ]
              }
            ],
            "squash_merge_commit_message": "COMMIT_MESSAGES",
            "squash_merge_commit_title": "COMMIT_OR_PR_TITLE",
            "ssh_clone_url": "git@github.com:rsi-pf-eng-sandbox/terraform-github-org.git",
            "svn_url": "https://github.com/rsi-pf-eng-sandbox/terraform-github-org",
            "template": [],
            "topics": [
              "github-app",
              "terraform"
            ],
            "visibility": "public",
            "vulnerability_alerts": false,
            "web_commit_signoff_required": false
          },
          "sensitive_attributes": [],
          "identity_schema_version": 0,
          "private": "eyJzY2hlbWFfdmVyc2lvbiI6IjEifQ=="
        }
      ]
    }
  ],
  "check_results": null
}
